
Microsoft Visual Studio Solution File, Format Version 12.00
# Visual Studio Version 16
VisualStudioVersion = 16.0.30523.141
MinimumVisualStudioVersion = 10.0.40219.1
Project("{8BC9CEB8-8B4A-11D0-8D11-00A0C91BC942}") = "ZadanieA22", "ZadanieA22\ZadanieA22.vcxproj", "{21AC98A1-A44E-4D07-8C61-96AEF99E3273}"
EndProject
Global
	GlobalSection(SolutionConfigurationPlatforms) = preSolution
		Debug|x64 = Debug|x64
		Debug|x86 = Debug|x86
		Release|x64 = Release|x64
		Release|x86 = Release|x86
	EndGlobalSection
	GlobalSection(ProjectConfigurationPlatforms) = postSolution
		{21AC98A1-A44E-4D07-8C61-96AEF99E3273}.Debug|x64.ActiveCfg = Debug|x64
		{21AC98A1-A44E-4D07-8C61-96AEF99E3273}.Debug|x64.Build.0 = Debug|x64
		{21AC98A1-A44E-4D07-8C61-96AEF99E3273}.Debug|x86.ActiveCfg = Debug|Win32
		{21AC98A1-A44E-4D07-8C61-96AEF99E3273}.Debug|x86.Build.0 = Debug|Win32
		{21AC98A1-A44E-4D07-8C61-96AEF99E3273}.Release|x64.ActiveCfg = Release|x64
		{21AC98A1-A44E-4D07-8C61-96AEF99E3273}.Release|x64.Build.0 = Release|x64
		{21AC98A1-A44E-4D07-8C61-96AEF99E3273}.Release|x86.ActiveCfg = Release|Win32
		{21AC98A1-A44E-4D07-8C61-96AEF99E3273}.Release|x86.Build.0 = Release|Win32
	EndGlobalSection
	GlobalSection(SolutionProperties) = preSolution
		HideSolutionNode = FALSE
	EndGlobalSection
	GlobalSection(ExtensibilityGlobals) = postSolution
		SolutionGuid = {0D55B523-26DE-4DC7-BC7B-5643B6146CEC}
	EndGlobalSection
EndGlobal
